
Microsoft Visual Studio Solution File, Format Version 12.00
# Visual Studio 14
VisualStudioVersion = 14.0.25420.1
MinimumVisualStudioVersion = 10.0.40219.1
Project("{FAE04EC0-301F-11D3-BF4B-00C04F79EFBC}") = "FareCalculator", "FareCalculator\FareCalculator.csproj", "{7E25C0E3-ECEC-48B9-8AD9-A9D67D710CBC}"
EndProject
Project("{FAE04EC0-301F-11D3-BF4B-00C04F79EFBC}") = "FareCalculatorTests", "FareCalculatorTests\FareCalculatorTests.csproj", "{FD107CC7-9E80-470B-A67C-34E4C130B795}"
EndProject
Global
	GlobalSection(SolutionConfigurationPlatforms) = preSolution
		Debug|Any CPU = Debug|Any CPU
		Release|Any CPU = Release|Any CPU
	EndGlobalSection
	GlobalSection(ProjectConfigurationPlatforms) = postSolution
		{7E25C0E3-ECEC-48B9-8AD9-A9D67D710CBC}.Debug|Any CPU.ActiveCfg = Debug|Any CPU
		{7E25C0E3-ECEC-48B9-8AD9-A9D67D710CBC}.Debug|Any CPU.Build.0 = Debug|Any CPU
		{7E25C0E3-ECEC-48B9-8AD9-A9D67D710CBC}.Release|Any CPU.ActiveCfg = Release|Any CPU
		{7E25C0E3-ECEC-48B9-8AD9-A9D67D710CBC}.Release|Any CPU.Build.0 = Release|Any CPU
		{FD107CC7-9E80-470B-A67C-34E4C130B795}.Debug|Any CPU.ActiveCfg = Debug|Any CPU
		{FD107CC7-9E80-470B-A67C-34E4C130B795}.Debug|Any CPU.Build.0 = Debug|Any CPU
		{FD107CC7-9E80-470B-A67C-34E4C130B795}.Release|Any CPU.ActiveCfg = Release|Any CPU
		{FD107CC7-9E80-470B-A67C-34E4C130B795}.Release|Any CPU.Build.0 = Release|Any CPU
	EndGlobalSection
	GlobalSection(SolutionProperties) = preSolution
		HideSolutionNode = FALSE
	EndGlobalSection
EndGlobal
